
Microsoft Visual Studio Solution File, Format Version 12.00
# Visual Studio 15
VisualStudioVersion = 15.0.28307.136
MinimumVisualStudioVersion = 10.0.40219.1
Project("{FAE04EC0-301F-11D3-BF4B-00C04F79EFBC}") = "CARROS", "CARROS\CARROS.csproj", "{4C9BB464-B92C-4058-8386-7F6E4B5525FD}"
EndProject
Global
	GlobalSection(SolutionConfigurationPlatforms) = preSolution
		Debug|Any CPU = Debug|Any CPU
		Release|Any CPU = Release|Any CPU
	EndGlobalSection
	GlobalSection(ProjectConfigurationPlatforms) = postSolution
		{4C9BB464-B92C-4058-8386-7F6E4B5525FD}.Debug|Any CPU.ActiveCfg = Debug|Any CPU
		{4C9BB464-B92C-4058-8386-7F6E4B5525FD}.Debug|Any CPU.Build.0 = Debug|Any CPU
		{4C9BB464-B92C-4058-8386-7F6E4B5525FD}.Release|Any CPU.ActiveCfg = Release|Any CPU
		{4C9BB464-B92C-4058-8386-7F6E4B5525FD}.Release|Any CPU.Build.0 = Release|Any CPU
	EndGlobalSection
	GlobalSection(SolutionProperties) = preSolution
		HideSolutionNode = FALSE
	EndGlobalSection
	GlobalSection(ExtensibilityGlobals) = postSolution
		SolutionGuid = {19F6CE87-C97D-4363-883E-CBEFDE6EBB4B}
	EndGlobalSection
EndGlobal
